PODS:
  - FlutterMacOS (1.0.0)
  - native_collator (0.0.1):
    - FlutterMacOS

DEPENDENCIES:
  - FlutterMacOS (from `Flutter/ephemeral`)
  - native_collator (from `Flutter/ephemeral/.symlinks/plugins/native_collator/macos`)

EXTERNAL SOURCES:
  FlutterMacOS:
    :path: Flutter/ephemeral
  native_collator:
    :path: Flutter/ephemeral/.symlinks/plugins/native_collator/macos

SPEC CHECKSUMS:
  FlutterMacOS: d0db08ddef1a9af05a5ec4b724367152bb0500b1
  native_collator: c338a1e331bf3d347b5dbab0d85ded6b6e60a386

PODFILE CHECKSUM: 54d867c82ac51cbd61b565781b9fada492027009

COCOAPODS: 1.16.2
